
Microsoft Visual Studio Solution File, Format Version 12.00
# Visual Studio Version 17
VisualStudioVersion = 17.13.35828.75
MinimumVisualStudioVersion = 10.0.40219.1
Project("{FAE04EC0-301F-11D3-BF4B-00C04F79EFBC}") = "LabFinal", "LabFinal\LabFinal.csproj", "{A0B97EDD-23A7-4F20-AEC8-B7FDCC54DDB3}"
EndProject
Global
	GlobalSection(SolutionConfigurationPlatforms) = preSolution
		Debug|Any CPU = Debug|Any CPU
		Release|Any CPU = Release|Any CPU
	EndGlobalSection
	GlobalSection(ProjectConfigurationPlatforms) = postSolution
		{A0B97EDD-23A7-4F20-AEC8-B7FDCC54DDB3}.Debug|Any CPU.ActiveCfg = Debug|Any CPU
		{A0B97EDD-23A7-4F20-AEC8-B7FDCC54DDB3}.Debug|Any CPU.Build.0 = Debug|Any CPU
		{A0B97EDD-23A7-4F20-AEC8-B7FDCC54DDB3}.Release|Any CPU.ActiveCfg = Release|Any CPU
		{A0B97EDD-23A7-4F20-AEC8-B7FDCC54DDB3}.Release|Any CPU.Build.0 = Release|Any CPU
	EndGlobalSection
	GlobalSection(SolutionProperties) = preSolution
		HideSolutionNode = FALSE
	EndGlobalSection
	GlobalSection(ExtensibilityGlobals) = postSolution
		SolutionGuid = {448CA897-A423-445E-9991-34E66A83C2FF}
	EndGlobalSection
EndGlobal
